# THIS IS AN AUTOGENERATED FILE. DO NOT EDIT THIS FILE DIRECTLY.
# yarn lockfile v1


"@types/ip@^1.1.0":
  version "1.1.0"
  resolved "https://registry.yarnpkg.com/@types/ip/-/ip-1.1.0.tgz#aec4f5bfd49e4a4c53b590d88c36eb078827a7c0"
  integrity sha512-dwNe8gOoF70VdL6WJBwVHtQmAX4RMd62M+mAB9HQFjG1/qiCLM/meRy95Pd14FYBbEDwCq7jgJs89cHpLBu4HQ==
  dependencies:
    "@types/node" "*"

"@types/node@*":
  version "16.3.2"
  resolved "https://registry.yarnpkg.com/@types/node/-/node-16.3.2.tgz#655432817f83b51ac869c2d51dd8305fb8342e16"
  integrity sha512-jJs9ErFLP403I+hMLGnqDRWT0RYKSvArxuBVh2veudHV7ifEC1WAmjJADacZ7mRbA2nWgHtn8xyECMAot0SkAw==

ip@^2.0.1:
  version "2.0.1"
  resolved "https://registry.yarnpkg.com/ip/-/ip-2.0.1.tgz#e8f3595d33a3ea66490204234b77636965307105"
  integrity sha512-lJUL9imLTNi1ZfXT+DU6rBBdbiKGBuay9B6xGSPVjUeQwaH1RIGqef8RZkUtHioLmSNpPR5M4HVKJGm1j8FWVQ==
